<?xml version="1.0" encoding="utf-8"?>
<Project ToolsVersion="4.0" xmlns="http://schemas.microsoft.com/developer/msbuild/2003">
  <ItemGroup>
    <Filter Include="Fichiers sources">
      <UniqueIdentifier>{4FC737F1-C7A5-4376-A066-2A32D752A2FF}</UniqueIdentifier>
      <Extensions>cpp;c;cc;cxx;def;odl;idl;hpj;bat;asm;asmx</Extensions>
    </Filter>
    <Filter Include="Fichiers d%27en-tête">
      <UniqueIdentifier>{93995380-89BD-4b04-88EB-625FBE52EBFB}</UniqueIdentifier>
      <Extensions>h;hh;hpp;hxx;hm;inl;inc;ipp;xsd</Extensions>
    </Filter>
    <Filter Include="Fichiers de ressources">
      <UniqueIdentifier>{67DA6AB6-F800-4c08-8B7A-83BB121AAD01}</UniqueIdentifier>
      <Extensions>rc;ico;cur;bmp;dlg;rc2;rct;bin;rgs;gif;jpg;jpeg;jpe;resx;tiff;tif;png;wav;mfcribbon-ms</Extensions>
    </Filter>
    <Filter Include="Fichiers sources\Shaders">
      <UniqueIdentifier>{2e36151c-faa0-4819-b75e-8081df5f9e6e}</UniqueIdentifier>
    </Filter>
    <Filter Include="Fichiers sources\Models">
      <UniqueIdentifier>{da81a29d-3f76-4461-81f9-aa296f27964d}</UniqueIdentifier>
    </Filter>
    <Filter Include="Fichiers d%27en-tête\Models">
      <UniqueIdentifier>{8fce39dc-f262-42f7-b401-a6fddf8d0b59}</UniqueIdentifier>
    </Filter>
  </ItemGroup>
  <ItemGroup>
    <ClCompile Include="OpenGL.cpp">
      <Filter>Fichiers sources</Filter>
    </ClCompile>
    <ClCompile Include="glad.c">
      <Filter>Fichiers sources</Filter>
    </ClCompile>
    <ClCompile Include="Source.cpp">
      <Filter>Fichiers sources</Filter>
    </ClCompile>
    <ClCompile Include="Camera.cpp">
      <Filter>Fichiers sources\Models</Filter>
    </ClCompile>
    <ClCompile Include="Shader.cpp">
      <Filter>Fichiers sources\Models</Filter>
    </ClCompile>
    <ClCompile Include="DirectionalLight.cpp">
      <Filter>Fichiers sources\Models</Filter>
    </ClCompile>
    <ClCompile Include="Light.cpp">
      <Filter>Fichiers sources\Models</Filter>
    </ClCompile>
    <ClCompile Include="PointLight.cpp">
      <Filter>Fichiers sources\Models</Filter>
    </ClCompile>
  </ItemGroup>
  <ItemGroup>
    <None Include="shaders\Basic.frag">
      <Filter>Fichiers sources\Shaders</Filter>
    </None>
    <None Include="shaders\Basic.vert">
      <Filter>Fichiers sources\Shaders</Filter>
    </None>
    <None Include="shaders\Light.frag">
      <Filter>Fichiers sources\Shaders</Filter>
    </None>
    <None Include="shaders\Light.vert">
      <Filter>Fichiers sources\Shaders</Filter>
    </None>
    <None Include="shaders\Reflect.frag">
      <Filter>Fichiers sources\Shaders</Filter>
    </None>
    <None Include="shaders\Reflect.vert">
      <Filter>Fichiers sources\Shaders</Filter>
    </None>
    <None Include="shaders\depthShader.frag">
      <Filter>Fichiers sources\Shaders</Filter>
    </None>
    <None Include="shaders\depthShader.vert">
      <Filter>Fichiers sources\Shaders</Filter>
    </None>
    <None Include="shaders\DebugDepthShader.frag">
      <Filter>Fichiers sources\Shaders</Filter>
    </None>
    <None Include="shaders\DebugDepthShader.vert">
      <Filter>Fichiers sources\Shaders</Filter>
    </None>
    <None Include="shaders\Shadows\depthCubemap.frag">
      <Filter>Fichiers sources\Shaders</Filter>
    </None>
    <None Include="shaders\Shadows\depthCubemap.geo">
      <Filter>Fichiers sources\Shaders</Filter>
    </None>
    <None Include="shaders\Shadows\depthCubemap.vert">
      <Filter>Fichiers sources\Shaders</Filter>
    </None>
    <None Include="shaders\ReflectCubemap.frag">
      <Filter>Fichiers sources\Shaders</Filter>
    </None>
    <None Include="shaders\ReflectCubemap.vert">
      <Filter>Fichiers sources\Shaders</Filter>
    </None>
  </ItemGroup>
  <ItemGroup>
    <ClInclude Include="stb_image.h">
      <Filter>Fichiers d%27en-tête</Filter>
    </ClInclude>
    <ClInclude Include="variables.h">
      <Filter>Fichiers d%27en-tête</Filter>
    </ClInclude>
    <ClInclude Include="utils.h">
      <Filter>Fichiers d%27en-tête</Filter>
    </ClInclude>
    <ClInclude Include="Camera.h">
      <Filter>Fichiers d%27en-tête\Models</Filter>
    </ClInclude>
    <ClInclude Include="Shader.h">
      <Filter>Fichiers d%27en-tête\Models</Filter>
    </ClInclude>
    <ClInclude Include="DirectionalLight.h">
      <Filter>Fichiers d%27en-tête\Models</Filter>
    </ClInclude>
    <ClInclude Include="Light.h">
      <Filter>Fichiers d%27en-tête\Models</Filter>
    </ClInclude>
    <ClInclude Include="PointLight.h">
      <Filter>Fichiers d%27en-tête\Models</Filter>
    </ClInclude>
  </ItemGroup>
</Project>